// !$*UTF8*$!
{
	archiveVersion = 1;
	classes = {
	};
	objectVersion = 45;
	objects = {

/* Begin PBXAggregateTarget section */
		875A8234126FFBA400ECADC2 /* thePlugin */ = {
			isa = PBXAggregateTarget;
			buildConfigurationList = 875A823D126FFBC200ECADC2 /* Build configuration list for PBXAggregateTarget "thePlugin" */;
			buildPhases = (
				875A8233126FFBA400ECADC2 /* ShellScript */,
			);
			dependencies = (
			);
			name = thePlugin;
			productName = thePlugin;
		};
		DDDC81991273B9B800192ADD /* Install */ = {
			isa = PBXAggregateTarget;
			buildConfigurationList = DDDC819C1273B9D600192ADD /* Build configuration list for PBXAggregateTarget "Install" */;
			buildPhases = (
				DDDC81981273B9B800192ADD /* ShellScript */,
			);
			dependencies = (
			);
			name = Install;
			productName = Install;
		};
/* End PBXAggregateTarget section */

/* Begin PBXBuildFile section */
		8D5B49B0048680CD000E48DA /* InfoPlist.strings in Resources */ = {isa = PBXBuildFile; fileRef = 089C167DFE841241C02AAC07 /* InfoPlist.strings */; };
		DD7A9EC512FDF1EE00AFF8C3 /* SMFFolderBrowser.m in Sources */ = {isa = PBXBuildFile; fileRef = DDDC80FA1273784800192ADD /* SMFFolderBrowser.m */; };
		DD7A9EC612FDF1EE00AFF8C3 /* SMFScreenCapture.m in Sources */ = {isa = PBXBuildFile; fileRef = DDABC41B127877B3001F026B /* SMFScreenCapture.m */; };
		DD7A9EC712FDF1EE00AFF8C3 /* SMFFolderDelegate.m in Sources */ = {isa = PBXBuildFile; fileRef = DD0F805C127CEF6700277D06 /* SMFFolderDelegate.m */; };
		DD7A9EC812FDF1EE00AFF8C3 /* SMFThemeInfo.m in Sources */ = {isa = PBXBuildFile; fileRef = DD0F80B9127CF99A00277D06 /* SMFThemeInfo.m */; };
		DD7A9EC912FDF1EE00AFF8C3 /* SMFPhotoMethods.mm in Sources */ = {isa = PBXBuildFile; fileRef = DDAE5C04127E328C0038574E /* SMFPhotoMethods.mm */; };
		DD7A9ECA12FDF1EE00AFF8C3 /* SMFCommonTools.m in Sources */ = {isa = PBXBuildFile; fileRef = DDAE5E0B12838A980038574E /* SMFCommonTools.m */; };
		DD7A9ECB12FDF1EE00AFF8C3 /* SMFQueryMenu.m in Sources */ = {isa = PBXBuildFile; fileRef = DDAE5F281284EED30038574E /* SMFQueryMenu.m */; };
		DD7A9ECC12FDF1EE00AFF8C3 /* SMFColorSelectionMenu.m in Sources */ = {isa = PBXBuildFile; fileRef = DD96C83B129B5C99002C5144 /* SMFColorSelectionMenu.m */; };
		DD7A9ECD12FDF1EE00AFF8C3 /* SMFPreferences.m in Sources */ = {isa = PBXBuildFile; fileRef = DD2C4CE512ADC78C00A83159 /* SMFPreferences.m */; };
		DD7A9ECE12FDF1EE00AFF8C3 /* SMFListDropShadowControl.m in Sources */ = {isa = PBXBuildFile; fileRef = DD57778A12EA39B300449D5F /* SMFListDropShadowControl.m */; };
		DD7A9ECF12FDF1F700AFF8C3 /* SMFDebAsset.m in Sources */ = {isa = PBXBuildFile; fileRef = DD14618D12B50A5000FA8984 /* SMFDebAsset.m */; };
		DD7A9ED012FDF1F700AFF8C3 /* SMFImageAsset.m in Sources */ = {isa = PBXBuildFile; fileRef = DD145D9812B48F6500FA8984 /* SMFImageAsset.m */; };
		DD7A9ED112FDF1F700AFF8C3 /* SMFMovieAsset.m in Sources */ = {isa = PBXBuildFile; fileRef = DD1DCBCA12A3384800907459 /* SMFMovieAsset.m */; };
		DD7A9ED212FDF20000AFF8C3 /* SMFInvocationCenteredMenuController.m in Sources */ = {isa = PBXBuildFile; fileRef = DDA3036212750A3500B0AE9C /* SMFInvocationCenteredMenuController.m */; };
		DD7A9ED312FDF20000AFF8C3 /* SMFMenuController.m in Sources */ = {isa = PBXBuildFile; fileRef = DDAE5F2A1284EF280038574E /* SMFMenuController.m */; };
		DD7A9ED412FDF20000AFF8C3 /* SMFViewMenuController.m in Sources */ = {isa = PBXBuildFile; fileRef = DD2C5D2012D6D3CF00AB0BDB /* SMFViewMenuController.m */; };
		DD7A9ED512FDF20500AFF8C3 /* SMFClockController.m in Sources */ = {isa = PBXBuildFile; fileRef = DDAE5BA0127DB3580038574E /* SMFClockController.m */; };
		DD7A9ED612FDF20500AFF8C3 /* SMFProgressBarControl.m in Sources */ = {isa = PBXBuildFile; fileRef = DDD623111290953500FC2CE5 /* SMFProgressBarControl.m */; };
		DD7A9ED712FDF20B00AFF8C3 /* SMFEventConfiguration.m in Sources */ = {isa = PBXBuildFile; fileRef = DDAE5E0F12839A9A0038574E /* SMFEventConfiguration.m */; };
		DD7A9ED812FDF20B00AFF8C3 /* SMFEventManager.m in Sources */ = {isa = PBXBuildFile; fileRef = DDAE5BD3127E0DE00038574E /* SMFEventManager.m */; };
		DD7A9ED912FDF20B00AFF8C3 /* SMFEvent.m in Sources */ = {isa = PBXBuildFile; fileRef = DDAE5BD5127E19570038574E /* SMFEvent.m */; };
		DD7A9EDA12FDF21100AFF8C3 /* BRMenuItem_SMF.m in Sources */ = {isa = PBXBuildFile; fileRef = DDA302A81274EFD000B0AE9C /* BRMenuItem_SMF.m */; };
		DD7A9EDB12FDF21100AFF8C3 /* SMFMenuItem.m in Sources */ = {isa = PBXBuildFile; fileRef = DD3136CC1277CFFC00042510 /* SMFMenuItem.m */; };
		DD7A9EDC12FDF21100AFF8C3 /* SMFProgressBarMenuItem.m in Sources */ = {isa = PBXBuildFile; fileRef = DD2C4D6412ADCEFA00A83159 /* SMFProgressBarMenuItem.m */; };
		DD7A9EDD12FDF21600AFF8C3 /* NSArray_SMF.m in Sources */ = {isa = PBXBuildFile; fileRef = DDF8E91612C8DE6A005EC3C1 /* NSArray_SMF.m */; };
		DD7A9EDE12FDF21A00AFF8C3 /* SMFGridController.m in Sources */ = {isa = PBXBuildFile; fileRef = DD2A4D2012F26E8300E07934 /* SMFGridController.m */; };
		DD7A9EF812FDFEEE00AFF8C3 /* Foundation.framework in Frameworks */ = {isa = PBXBuildFile; fileRef = DD7A9EF712FDFEEE00AFF8C3 /* Foundation.framework */; };
		DD7A9FEF12FE006C00AFF8C3 /* CoreGraphics.framework in Frameworks */ = {isa = PBXBuildFile; fileRef = DDFC52AF12D3B96300D243D0 /* CoreGraphics.framework */; };
		DD82B56212FFBC75007221FC /* SMFMoviePreviewController.m in Sources */ = {isa = PBXBuildFile; fileRef = DD82B56112FFBC75007221FC /* SMFMoviePreviewController.m */; };
		DD82B57812FFBCF0007221FC /* BRMenuItem_SMF.h in Headers */ = {isa = PBXBuildFile; fileRef = DDA302A71274EFD000B0AE9C /* BRMenuItem_SMF.h */; };
		DD82B57912FFBCF0007221FC /* NSArray_SMF.h in Headers */ = {isa = PBXBuildFile; fileRef = DDF8E91512C8DE6A005EC3C1 /* NSArray_SMF.h */; };
		DD82B57A12FFBCF0007221FC /* NSTask.h in Headers */ = {isa = PBXBuildFile; fileRef = DDCB54C9128CA1EC0045529A /* NSTask.h */; };
		DD82B57B12FFBCF0007221FC /* SMFBaseAsset.h in Headers */ = {isa = PBXBuildFile; fileRef = DDDC80FB1273902A00192ADD /* SMFBaseAsset.h */; };
		DD82B57C12FFBCF0007221FC /* SMFCenteredMenuController.h in Headers */ = {isa = PBXBuildFile; fileRef = DDDC80E9127375CE00192ADD /* SMFCenteredMenuController.h */; };
		DD82B57D12FFBCF0007221FC /* SMFClockController.h in Headers */ = {isa = PBXBuildFile; fileRef = DDAE5B9F127DB3580038574E /* SMFClockController.h */; };
		DD82B57E12FFBCF0007221FC /* SMFColorSelectionMenu.h in Headers */ = {isa = PBXBuildFile; fileRef = DD96C83A129B5C99002C5144 /* SMFColorSelectionMenu.h */; };
		DD82B57F12FFBCF0007221FC /* SMFCommonTools.h in Headers */ = {isa = PBXBuildFile; fileRef = DDAE5E0A12838A980038574E /* SMFCommonTools.h */; };
		DD82B58012FFBCF0007221FC /* SMFController.h in Headers */ = {isa = PBXBuildFile; fileRef = DDDC81721273A67000192ADD /* SMFController.h */; };
		DD82B58112FFBCF0007221FC /* SMFDebAsset.h in Headers */ = {isa = PBXBuildFile; fileRef = DD14618C12B50A5000FA8984 /* SMFDebAsset.h */; };
		DD82B58212FFBCF0007221FC /* SMFDefines.h in Headers */ = {isa = PBXBuildFile; fileRef = DDA302A61274EF8900B0AE9C /* SMFDefines.h */; };
		DD82B58312FFBCF0007221FC /* SMFEvent.h in Headers */ = {isa = PBXBuildFile; fileRef = DDAE5BD4127E19570038574E /* SMFEvent.h */; };
		DD82B58412FFBCF0007221FC /* SMFEventConfiguration.h in Headers */ = {isa = PBXBuildFile; fileRef = DDAE5E0E12839A9A0038574E /* SMFEventConfiguration.h */; };
		DD82B58512FFBCF0007221FC /* SMFEventManager.h in Headers */ = {isa = PBXBuildFile; fileRef = DDAE5BD2127E0DE00038574E /* SMFEventManager.h */; };
		DD82B58612FFBCF0007221FC /* SMFFolderBrowser.h in Headers */ = {isa = PBXBuildFile; fileRef = DDDC80F91273784800192ADD /* SMFFolderBrowser.h */; };
		DD82B58712FFBCF0007221FC /* SMFFolderDelegate.h in Headers */ = {isa = PBXBuildFile; fileRef = DD0F805B127CEF6700277D06 /* SMFFolderDelegate.h */; };
		DD82B58812FFBCF0007221FC /* SMFGridController.h in Headers */ = {isa = PBXBuildFile; fileRef = DD2A4D1F12F26E8300E07934 /* SMFGridController.h */; };
		DD82B58912FFBCF0007221FC /* SMFImageAsset.h in Headers */ = {isa = PBXBuildFile; fileRef = DD145D9712B48F6500FA8984 /* SMFImageAsset.h */; };
		DD82B58A12FFBCF0007221FC /* SMFInvocationCenteredMenuController.h in Headers */ = {isa = PBXBuildFile; fileRef = DDA3036112750A3500B0AE9C /* SMFInvocationCenteredMenuController.h */; };
		DD82B58B12FFBCF0007221FC /* SMFListDropShadowControl.h in Headers */ = {isa = PBXBuildFile; fileRef = DD57778912EA39B300449D5F /* SMFListDropShadowControl.h */; };
		DD82B58C12FFBCF0007221FC /* SMFMediaMenuController.h in Headers */ = {isa = PBXBuildFile; fileRef = DDDC7DAD12731D1F00192ADD /* SMFMediaMenuController.h */; };
		DD82B58D12FFBCF0007221FC /* SMFMediaPreview.h in Headers */ = {isa = PBXBuildFile; fileRef = DDDC80FE1273909900192ADD /* SMFMediaPreview.h */; };
		DD82B58E12FFBCF0007221FC /* SMFMenuController.h in Headers */ = {isa = PBXBuildFile; fileRef = DDAE5F291284EF280038574E /* SMFMenuController.h */; };
		DD82B58F12FFBCF0007221FC /* SMFMenuItem.h in Headers */ = {isa = PBXBuildFile; fileRef = DD3136CB1277CFFC00042510 /* SMFMenuItem.h */; };
		DD82B59012FFBCF0007221FC /* SMFMovieAsset.h in Headers */ = {isa = PBXBuildFile; fileRef = DD1DCBC912A3384800907459 /* SMFMovieAsset.h */; };
		DD82B59112FFBCF0007221FC /* SMFMoviePreviewController.h in Headers */ = {isa = PBXBuildFile; fileRef = DD82B56012FFBC75007221FC /* SMFMoviePreviewController.h */; };
		DD82B59212FFBCF0007221FC /* SMFPasscodeController.h in Headers */ = {isa = PBXBuildFile; fileRef = DDDC816F1273A66600192ADD /* SMFPasscodeController.h */; };
		DD82B59312FFBCF0007221FC /* SMFPhotoMethods.h in Headers */ = {isa = PBXBuildFile; fileRef = DDAE5C03127E328C0038574E /* SMFPhotoMethods.h */; };
		DD82B59412FFBCF0007221FC /* SMFPopup.h in Headers */ = {isa = PBXBuildFile; fileRef = DD96C3411298B9A0002C5144 /* SMFPopup.h */; };
		DD82B59512FFBCF0007221FC /* SMFPreferences.h in Headers */ = {isa = PBXBuildFile; fileRef = DD2C4CE412ADC78C00A83159 /* SMFPreferences.h */; };
		DD82B59612FFBCF0007221FC /* SMFProgressBarControl.h in Headers */ = {isa = PBXBuildFile; fileRef = DDD623101290953500FC2CE5 /* SMFProgressBarControl.h */; };
		DD82B59712FFBCF0007221FC /* SMFProgressBarMenuItem.h in Headers */ = {isa = PBXBuildFile; fileRef = DD2C4D6312ADCEFA00A83159 /* SMFProgressBarMenuItem.h */; };
		DD82B59812FFBCF0007221FC /* SMFQueryMenu.h in Headers */ = {isa = PBXBuildFile; fileRef = DDAE5F271284EED30038574E /* SMFQueryMenu.h */; };
		DD82B59912FFBCF0007221FC /* SMFramework.h in Headers */ = {isa = PBXBuildFile; fileRef = DDDC818F1273B8C000192ADD /* SMFramework.h */; };
		DD82B59A12FFBCF0007221FC /* SMFScreenCapture.h in Headers */ = {isa = PBXBuildFile; fileRef = DDABC41A127877B3001F026B /* SMFScreenCapture.h */; };
		DD82B59B12FFBCF0007221FC /* SMFSettingPreferences.h in Headers */ = {isa = PBXBuildFile; fileRef = DD5379E912BE78930022849E /* SMFSettingPreferences.h */; };
		DD82B59C12FFBCF0007221FC /* SMFThemeInfo.h in Headers */ = {isa = PBXBuildFile; fileRef = DD0F80B8127CF99A00277D06 /* SMFThemeInfo.h */; };
		DD82B59D12FFBCF0007221FC /* SMFViewMenuController.h in Headers */ = {isa = PBXBuildFile; fileRef = DD2C5D1F12D6D3CF00AB0BDB /* SMFViewMenuController.h */; };
		DD8B8F2612FE1ECA00971B0A /* SMFPopup.mm in Sources */ = {isa = PBXBuildFile; fileRef = DD8B8F2512FE1ECA00971B0A /* SMFPopup.mm */; };
		DD96C894129B606B002C5144 /* UIKit.framework in Frameworks */ = {isa = PBXBuildFile; fileRef = DDABC43612787C91001F026B /* UIKit.framework */; };
		DDDC7DAF12731D1F00192ADD /* SMFMediaMenuController.m in Sources */ = {isa = PBXBuildFile; fileRef = DDDC7DAE12731D1F00192ADD /* SMFMediaMenuController.m */; };
		DDDC80EB127375CE00192ADD /* SMFCenteredMenuController.m in Sources */ = {isa = PBXBuildFile; fileRef = DDDC80EA127375CE00192ADD /* SMFCenteredMenuController.m */; };
		DDDC80FD1273902A00192ADD /* SMFBaseAsset.m in Sources */ = {isa = PBXBuildFile; fileRef = DDDC80FC1273902A00192ADD /* SMFBaseAsset.m */; };
		DDDC81001273909900192ADD /* SMFMediaPreview.mm in Sources */ = {isa = PBXBuildFile; fileRef = DDDC80FF1273909900192ADD /* SMFMediaPreview.mm */; };
		DDDC81711273A66600192ADD /* SMFPasscodeController.m in Sources */ = {isa = PBXBuildFile; fileRef = DDDC81701273A66600192ADD /* SMFPasscodeController.m */; };
/* End PBXBuildFile section */

/* Begin PBXFileReference section */
		089C1672FE841209C02AAC07 /* Foundation.framework */ = {isa = PBXFileReference; lastKnownFileType = wrapper.framework; name = Foundation.framework; path = /System/Library/Frameworks/Foundation.framework; sourceTree = "<absolute>"; };
		089C167EFE841241C02AAC07 /* English */ = {isa = PBXFileReference; fileEncoding = 4; lastKnownFileType = text.plist.strings; name = English; path = English.lproj/InfoPlist.strings; sourceTree = "<group>"; };
		089C167FFE841241C02AAC07 /* AppKit.framework */ = {isa = PBXFileReference; lastKnownFileType = wrapper.framework; name = AppKit.framework; path = /System/Library/Frameworks/AppKit.framework; sourceTree = "<absolute>"; };
		32DBCF630370AF2F00C91783 /* atvTwo_Prefix.pch */ = {isa = PBXFileReference; fileEncoding = 4; lastKnownFileType = sourcecode.c.h; path = atvTwo_Prefix.pch; sourceTree = "<group>"; };
		875A8249126FFF1F00ECADC2 /* BackRowExtras.h */ = {isa = PBXFileReference; fileEncoding = 4; lastKnownFileType = sourcecode.c.h; name = BackRowExtras.h; path = Classes/BackRowExtras.h; sourceTree = "<group>"; };
		875A8253126FFF5300ECADC2 /* BackRow */ = {isa = PBXFileReference; lastKnownFileType = folder; name = BackRow; path = ../ATV2Includes/BackRow; sourceTree = "<group>"; };
		875A8425126FFF6500ECADC2 /* build.sh */ = {isa = PBXFileReference; fileEncoding = 4; lastKnownFileType = text.script.sh; path = build.sh; sourceTree = "<group>"; };
		875A8427126FFF6D00ECADC2 /* Makefile */ = {isa = PBXFileReference; fileEncoding = 4; lastKnownFileType = sourcecode.make; path = Makefile; sourceTree = "<group>"; };
		8D5B49B7048680CD000E48DA /* Info.plist */ = {isa = PBXFileReference; fileEncoding = 4; lastKnownFileType = text.plist.xml; path = Info.plist; sourceTree = "<group>"; };
		D2F7E65807B2D6F200F64583 /* CoreData.framework */ = {isa = PBXFileReference; lastKnownFileType = wrapper.framework; name = CoreData.framework; path = /System/Library/Frameworks/CoreData.framework; sourceTree = "<absolute>"; };
		DD0F805B127CEF6700277D06 /* SMFFolderDelegate.h */ = {isa = PBXFileReference; fileEncoding = 4; lastKnownFileType = sourcecode.c.h; path = SMFFolderDelegate.h; sourceTree = "<group>"; };
		DD0F805C127CEF6700277D06 /* SMFFolderDelegate.m */ = {isa = PBXFileReference; fileEncoding = 4; lastKnownFileType = sourcecode.c.objc; path = SMFFolderDelegate.m; sourceTree = "<group>"; };
		DD0F80B8127CF99A00277D06 /* SMFThemeInfo.h */ = {isa = PBXFileReference; fileEncoding = 4; lastKnownFileType = sourcecode.c.h; path = SMFThemeInfo.h; sourceTree = "<group>"; };
		DD0F80B9127CF99A00277D06 /* SMFThemeInfo.m */ = {isa = PBXFileReference; fileEncoding = 4; lastKnownFileType = sourcecode.c.objc; path = SMFThemeInfo.m; sourceTree = "<group>"; };
		DD0F80C5127CF9F400277D06 /* SynthesizeSingleton.h */ = {isa = PBXFileReference; fileEncoding = 4; lastKnownFileType = sourcecode.c.h; path = SynthesizeSingleton.h; sourceTree = "<group>"; };
		DD145D9712B48F6500FA8984 /* SMFImageAsset.h */ = {isa = PBXFileReference; fileEncoding = 4; lastKnownFileType = sourcecode.c.h; path = SMFImageAsset.h; sourceTree = "<group>"; };
		DD145D9812B48F6500FA8984 /* SMFImageAsset.m */ = {isa = PBXFileReference; fileEncoding = 4; lastKnownFileType = sourcecode.c.objc; path = SMFImageAsset.m; sourceTree = "<group>"; };
		DD14618C12B50A5000FA8984 /* SMFDebAsset.h */ = {isa = PBXFileReference; fileEncoding = 4; lastKnownFileType = sourcecode.c.h; path = SMFDebAsset.h; sourceTree = "<group>"; };
		DD14618D12B50A5000FA8984 /* SMFDebAsset.m */ = {isa = PBXFileReference; fileEncoding = 4; lastKnownFileType = sourcecode.c.objc; path = SMFDebAsset.m; sourceTree = "<group>"; };
		DD1462FC12B53B6C00FA8984 /* Makefile */ = {isa = PBXFileReference; fileEncoding = 4; lastKnownFileType = sourcecode.make; path = Makefile; sourceTree = "<group>"; };
		DD14630212B53B6C00FA8984 /* smfHelper.m */ = {isa = PBXFileReference; fileEncoding = 4; lastKnownFileType = sourcecode.c.objc; path = smfHelper.m; sourceTree = "<group>"; };
		DD1DCBC912A3384800907459 /* SMFMovieAsset.h */ = {isa = PBXFileReference; fileEncoding = 4; lastKnownFileType = sourcecode.c.h; path = SMFMovieAsset.h; sourceTree = "<group>"; };
		DD1DCBCA12A3384800907459 /* SMFMovieAsset.m */ = {isa = PBXFileReference; fileEncoding = 4; lastKnownFileType = sourcecode.c.objc; path = SMFMovieAsset.m; sourceTree = "<group>"; };
		DD2A4D1F12F26E8300E07934 /* SMFGridController.h */ = {isa = PBXFileReference; fileEncoding = 4; lastKnownFileType = sourcecode.c.h; path = SMFGridController.h; sourceTree = "<group>"; };
		DD2A4D2012F26E8300E07934 /* SMFGridController.m */ = {isa = PBXFileReference; fileEncoding = 4; lastKnownFileType = sourcecode.c.objc; path = SMFGridController.m; sourceTree = "<group>"; };
		DD2C4CE412ADC78C00A83159 /* SMFPreferences.h */ = {isa = PBXFileReference; fileEncoding = 4; lastKnownFileType = sourcecode.c.h; path = SMFPreferences.h; sourceTree = "<group>"; };
		DD2C4CE512ADC78C00A83159 /* SMFPreferences.m */ = {isa = PBXFileReference; fileEncoding = 4; lastKnownFileType = sourcecode.c.objc; path = SMFPreferences.m; sourceTree = "<group>"; };
		DD2C4D6312ADCEFA00A83159 /* SMFProgressBarMenuItem.h */ = {isa = PBXFileReference; fileEncoding = 4; lastKnownFileType = sourcecode.c.h; path = SMFProgressBarMenuItem.h; sourceTree = "<group>"; };
		DD2C4D6412ADCEFA00A83159 /* SMFProgressBarMenuItem.m */ = {isa = PBXFileReference; fileEncoding = 4; lastKnownFileType = sourcecode.c.objc; path = SMFProgressBarMenuItem.m; sourceTree = "<group>"; };
		DD2C5D1F12D6D3CF00AB0BDB /* SMFViewMenuController.h */ = {isa = PBXFileReference; fileEncoding = 4; lastKnownFileType = sourcecode.c.h; path = SMFViewMenuController.h; sourceTree = "<group>"; };
		DD2C5D2012D6D3CF00AB0BDB /* SMFViewMenuController.m */ = {isa = PBXFileReference; fileEncoding = 4; lastKnownFileType = sourcecode.c.objc; path = SMFViewMenuController.m; sourceTree = "<group>"; };
		DD3136CB1277CFFC00042510 /* SMFMenuItem.h */ = {isa = PBXFileReference; fileEncoding = 4; lastKnownFileType = sourcecode.c.h; path = SMFMenuItem.h; sourceTree = "<group>"; };
		DD3136CC1277CFFC00042510 /* SMFMenuItem.m */ = {isa = PBXFileReference; fileEncoding = 4; lastKnownFileType = sourcecode.c.objc; path = SMFMenuItem.m; sourceTree = "<group>"; };
		DD5379E912BE78930022849E /* SMFSettingPreferences.h */ = {isa = PBXFileReference; fileEncoding = 4; lastKnownFileType = sourcecode.c.h; path = SMFSettingPreferences.h; sourceTree = "<group>"; };
		DD57778912EA39B300449D5F /* SMFListDropShadowControl.h */ = {isa = PBXFileReference; fileEncoding = 4; lastKnownFileType = sourcecode.c.h; path = SMFListDropShadowControl.h; sourceTree = "<group>"; };
		DD57778A12EA39B300449D5F /* SMFListDropShadowControl.m */ = {isa = PBXFileReference; fileEncoding = 4; lastKnownFileType = sourcecode.c.objc; path = SMFListDropShadowControl.m; sourceTree = "<group>"; };
		DD7A9EF712FDFEEE00AFF8C3 /* Foundation.framework */ = {isa = PBXFileReference; lastKnownFileType = wrapper.framework; name = Foundation.framework; path = System/Library/Frameworks/Foundation.framework; sourceTree = SDKROOT; };
		DD82A41E12FF1519007221FC /* SMFramework.framework */ = {isa = PBXFileReference; explicitFileType = wrapper.cfbundle; includeInIndex = 0; path = SMFramework.framework; sourceTree = BUILT_PRODUCTS_DIR; };
		DD82B56012FFBC75007221FC /* SMFMoviePreviewController.h */ = {isa = PBXFileReference; fileEncoding = 4; lastKnownFileType = sourcecode.c.h; path = SMFMoviePreviewController.h; sourceTree = "<group>"; };
		DD82B56112FFBC75007221FC /* SMFMoviePreviewController.m */ = {isa = PBXFileReference; fileEncoding = 4; lastKnownFileType = sourcecode.c.objc; path = SMFMoviePreviewController.m; sourceTree = "<group>"; };
		DD8B8F2512FE1ECA00971B0A /* SMFPopup.mm */ = {isa = PBXFileReference; fileEncoding = 4; lastKnownFileType = sourcecode.cpp.objcpp; path = SMFPopup.mm; sourceTree = "<group>"; };
		DD96C0471295D949002C5144 /* control */ = {isa = PBXFileReference; fileEncoding = 4; lastKnownFileType = text; path = control; sourceTree = "<group>"; };
		DD96C0481295D949002C5144 /* EventCatcher.plist */ = {isa = PBXFileReference; fileEncoding = 4; lastKnownFileType = text.plist; path = EventCatcher.plist; sourceTree = "<group>"; };
		DD96C0491295D949002C5144 /* Makefile */ = {isa = PBXFileReference; fileEncoding = 4; lastKnownFileType = sourcecode.make; path = Makefile; sourceTree = "<group>"; };
		DD96C29A1295D94A002C5144 /* Tweak.xm */ = {isa = PBXFileReference; fileEncoding = 4; lastKnownFileType = text; path = Tweak.xm; sourceTree = "<group>"; xcLanguageSpecificationIdentifier = xcode.lang.objcpp; };
		DD96C3401298B8EA002C5144 /* SMFPopup.xm */ = {isa = PBXFileReference; fileEncoding = 4; lastKnownFileType = text; path = SMFPopup.xm; sourceTree = "<group>"; };
		DD96C3411298B9A0002C5144 /* SMFPopup.h */ = {isa = PBXFileReference; fileEncoding = 4; lastKnownFileType = sourcecode.c.h; path = SMFPopup.h; sourceTree = "<group>"; };
		DD96C3DB129971A2002C5144 /* control */ = {isa = PBXFileReference; fileEncoding = 4; lastKnownFileType = text; path = control; sourceTree = "<group>"; };
		DD96C83A129B5C99002C5144 /* SMFColorSelectionMenu.h */ = {isa = PBXFileReference; fileEncoding = 4; lastKnownFileType = sourcecode.c.h; path = SMFColorSelectionMenu.h; sourceTree = "<group>"; };
		DD96C83B129B5C99002C5144 /* SMFColorSelectionMenu.m */ = {isa = PBXFileReference; fileEncoding = 4; lastKnownFileType = sourcecode.c.objc; path = SMFColorSelectionMenu.m; sourceTree = "<group>"; };
		DDA302A61274EF8900B0AE9C /* SMFDefines.h */ = {isa = PBXFileReference; fileEncoding = 4; lastKnownFileType = sourcecode.c.h; path = SMFDefines.h; sourceTree = "<group>"; };
		DDA302A71274EFD000B0AE9C /* BRMenuItem_SMF.h */ = {isa = PBXFileReference; fileEncoding = 4; lastKnownFileType = sourcecode.c.h; path = BRMenuItem_SMF.h; sourceTree = "<group>"; };
		DDA302A81274EFD000B0AE9C /* BRMenuItem_SMF.m */ = {isa = PBXFileReference; fileEncoding = 4; lastKnownFileType = sourcecode.c.objc; path = BRMenuItem_SMF.m; sourceTree = "<group>"; };
		DDA3036112750A3500B0AE9C /* SMFInvocationCenteredMenuController.h */ = {isa = PBXFileReference; fileEncoding = 4; lastKnownFileType = sourcecode.c.h; path = SMFInvocationCenteredMenuController.h; sourceTree = "<group>"; };
		DDA3036212750A3500B0AE9C /* SMFInvocationCenteredMenuController.m */ = {isa = PBXFileReference; fileEncoding = 4; lastKnownFileType = sourcecode.c.objc; path = SMFInvocationCenteredMenuController.m; sourceTree = "<group>"; };
		DDABC41A127877B3001F026B /* SMFScreenCapture.h */ = {isa = PBXFileReference; fileEncoding = 4; lastKnownFileType = sourcecode.c.h; path = SMFScreenCapture.h; sourceTree = "<group>"; };
		DDABC41B127877B3001F026B /* SMFScreenCapture.m */ = {isa = PBXFileReference; fileEncoding = 4; lastKnownFileType = sourcecode.c.objc; path = SMFScreenCapture.m; sourceTree = "<group>"; };
		DDABC43312787C85001F026B /* MobileCoreServices.framework */ = {isa = PBXFileReference; lastKnownFileType = wrapper.framework; name = MobileCoreServices.framework; path = System/Library/Frameworks/MobileCoreServices.framework; sourceTree = SDKROOT; };
		DDABC43612787C91001F026B /* UIKit.framework */ = {isa = PBXFileReference; lastKnownFileType = wrapper.framework; name = UIKit.framework; path = System/Library/Frameworks/UIKit.framework; sourceTree = SDKROOT; };
		DDAE5B9F127DB3580038574E /* SMFClockController.h */ = {isa = PBXFileReference; fileEncoding = 4; lastKnownFileType = sourcecode.c.h; path = SMFClockController.h; sourceTree = "<group>"; };
		DDAE5BA0127DB3580038574E /* SMFClockController.m */ = {isa = PBXFileReference; fileEncoding = 4; lastKnownFileType = sourcecode.c.objc; path = SMFClockController.m; sourceTree = "<group>"; };
		DDAE5BD2127E0DE00038574E /* SMFEventManager.h */ = {isa = PBXFileReference; fileEncoding = 4; lastKnownFileType = sourcecode.c.h; path = SMFEventManager.h; sourceTree = "<group>"; };
		DDAE5BD3127E0DE00038574E /* SMFEventManager.m */ = {isa = PBXFileReference; fileEncoding = 4; lastKnownFileType = sourcecode.c.objc; path = SMFEventManager.m; sourceTree = "<group>"; };
		DDAE5BD4127E19570038574E /* SMFEvent.h */ = {isa = PBXFileReference; fileEncoding = 4; lastKnownFileType = sourcecode.c.h; path = SMFEvent.h; sourceTree = "<group>"; };
		DDAE5BD5127E19570038574E /* SMFEvent.m */ = {isa = PBXFileReference; fileEncoding = 4; lastKnownFileType = sourcecode.c.objc; path = SMFEvent.m; sourceTree = "<group>"; };
		DDAE5C03127E328C0038574E /* SMFPhotoMethods.h */ = {isa = PBXFileReference; fileEncoding = 4; lastKnownFileType = sourcecode.c.h; path = SMFPhotoMethods.h; sourceTree = "<group>"; };
		DDAE5C04127E328C0038574E /* SMFPhotoMethods.mm */ = {isa = PBXFileReference; fileEncoding = 4; lastKnownFileType = sourcecode.cpp.objcpp; path = SMFPhotoMethods.mm; sourceTree = "<group>"; };
		DDAE5E0A12838A980038574E /* SMFCommonTools.h */ = {isa = PBXFileReference; fileEncoding = 4; lastKnownFileType = sourcecode.c.h; path = SMFCommonTools.h; sourceTree = "<group>"; };
		DDAE5E0B12838A980038574E /* SMFCommonTools.m */ = {isa = PBXFileReference; fileEncoding = 4; lastKnownFileType = sourcecode.c.objc; path = SMFCommonTools.m; sourceTree = "<group>"; };
		DDAE5E0E12839A9A0038574E /* SMFEventConfiguration.h */ = {isa = PBXFileReference; fileEncoding = 4; lastKnownFileType = sourcecode.c.h; path = SMFEventConfiguration.h; sourceTree = "<group>"; };
		DDAE5E0F12839A9A0038574E /* SMFEventConfiguration.m */ = {isa = PBXFileReference; fileEncoding = 4; lastKnownFileType = sourcecode.c.objc; path = SMFEventConfiguration.m; sourceTree = "<group>"; };
		DDAE5F271284EED30038574E /* SMFQueryMenu.h */ = {isa = PBXFileReference; fileEncoding = 4; lastKnownFileType = sourcecode.c.h; path = SMFQueryMenu.h; sourceTree = "<group>"; };
		DDAE5F281284EED30038574E /* SMFQueryMenu.m */ = {isa = PBXFileReference; fileEncoding = 4; lastKnownFileType = sourcecode.c.objc; path = SMFQueryMenu.m; sourceTree = "<group>"; };
		DDAE5F291284EF280038574E /* SMFMenuController.h */ = {isa = PBXFileReference; fileEncoding = 4; lastKnownFileType = sourcecode.c.h; path = SMFMenuController.h; sourceTree = "<group>"; };
		DDAE5F2A1284EF280038574E /* SMFMenuController.m */ = {isa = PBXFileReference; fileEncoding = 4; lastKnownFileType = sourcecode.c.objc; path = SMFMenuController.m; sourceTree = "<group>"; };
		DDCB54C9128CA1EC0045529A /* NSTask.h */ = {isa = PBXFileReference; fileEncoding = 4; lastKnownFileType = sourcecode.c.h; path = NSTask.h; sourceTree = "<group>"; };
		DDD623101290953500FC2CE5 /* SMFProgressBarControl.h */ = {isa = PBXFileReference; fileEncoding = 4; lastKnownFileType = sourcecode.c.h; path = SMFProgressBarControl.h; sourceTree = "<group>"; };
		DDD623111290953500FC2CE5 /* SMFProgressBarControl.m */ = {isa = PBXFileReference; fileEncoding = 4; lastKnownFileType = sourcecode.c.objc; path = SMFProgressBarControl.m; sourceTree = "<group>"; };
		DDDC7DAD12731D1F00192ADD /* SMFMediaMenuController.h */ = {isa = PBXFileReference; fileEncoding = 4; lastKnownFileType = sourcecode.c.h; path = SMFMediaMenuController.h; sourceTree = "<group>"; };
		DDDC7DAE12731D1F00192ADD /* SMFMediaMenuController.m */ = {isa = PBXFileReference; fileEncoding = 4; lastKnownFileType = sourcecode.c.objc; path = SMFMediaMenuController.m; sourceTree = "<group>"; };
		DDDC80E9127375CE00192ADD /* SMFCenteredMenuController.h */ = {isa = PBXFileReference; fileEncoding = 4; lastKnownFileType = sourcecode.c.h; path = SMFCenteredMenuController.h; sourceTree = "<group>"; };
		DDDC80EA127375CE00192ADD /* SMFCenteredMenuController.m */ = {isa = PBXFileReference; fileEncoding = 4; lastKnownFileType = sourcecode.c.objc; path = SMFCenteredMenuController.m; sourceTree = "<group>"; };
		DDDC80F91273784800192ADD /* SMFFolderBrowser.h */ = {isa = PBXFileReference; fileEncoding = 4; lastKnownFileType = sourcecode.c.h; path = SMFFolderBrowser.h; sourceTree = "<group>"; };
		DDDC80FA1273784800192ADD /* SMFFolderBrowser.m */ = {isa = PBXFileReference; fileEncoding = 4; lastKnownFileType = sourcecode.c.objc; path = SMFFolderBrowser.m; sourceTree = "<group>"; };
		DDDC80FB1273902A00192ADD /* SMFBaseAsset.h */ = {isa = PBXFileReference; fileEncoding = 4; lastKnownFileType = sourcecode.c.h; path = SMFBaseAsset.h; sourceTree = "<group>"; };
		DDDC80FC1273902A00192ADD /* SMFBaseAsset.m */ = {isa = PBXFileReference; fileEncoding = 4; lastKnownFileType = sourcecode.c.objc; path = SMFBaseAsset.m; sourceTree = "<group>"; };
		DDDC80FE1273909900192ADD /* SMFMediaPreview.h */ = {isa = PBXFileReference; fileEncoding = 4; lastKnownFileType = sourcecode.c.h; path = SMFMediaPreview.h; sourceTree = "<group>"; };
		DDDC80FF1273909900192ADD /* SMFMediaPreview.mm */ = {isa = PBXFileReference; fileEncoding = 4; lastKnownFileType = sourcecode.cpp.objcpp; path = SMFMediaPreview.mm; sourceTree = "<group>"; };
		DDDC816F1273A66600192ADD /* SMFPasscodeController.h */ = {isa = PBXFileReference; fileEncoding = 4; lastKnownFileType = sourcecode.c.h; path = SMFPasscodeController.h; sourceTree = "<group>"; };
		DDDC81701273A66600192ADD /* SMFPasscodeController.m */ = {isa = PBXFileReference; fileEncoding = 4; lastKnownFileType = sourcecode.c.objc; path = SMFPasscodeController.m; sourceTree = "<group>"; };
		DDDC81721273A67000192ADD /* SMFController.h */ = {isa = PBXFileReference; fileEncoding = 4; lastKnownFileType = sourcecode.c.h; path = SMFController.h; sourceTree = "<group>"; };
		DDDC81731273A67000192ADD /* SMFController.m */ = {isa = PBXFileReference; fileEncoding = 4; lastKnownFileType = sourcecode.c.objc; path = SMFController.m; sourceTree = "<group>"; };
		DDDC818F1273B8C000192ADD /* SMFramework.h */ = {isa = PBXFileReference; fileEncoding = 4; lastKnownFileType = sourcecode.c.h; path = SMFramework.h; sourceTree = "<group>"; };
		DDF8E91512C8DE6A005EC3C1 /* NSArray_SMF.h */ = {isa = PBXFileReference; fileEncoding = 4; lastKnownFileType = sourcecode.c.h; path = NSArray_SMF.h; sourceTree = "<group>"; };
		DDF8E91612C8DE6A005EC3C1 /* NSArray_SMF.m */ = {isa = PBXFileReference; fileEncoding = 4; lastKnownFileType = sourcecode.c.objc; path = NSArray_SMF.m; sourceTree = "<group>"; };
		DDFC52AF12D3B96300D243D0 /* CoreGraphics.framework */ = {isa = PBXFileReference; lastKnownFileType = wrapper.framework; name = CoreGraphics.framework; path = System/Library/Frameworks/CoreGraphics.framework; sourceTree = SDKROOT; };
/* End PBXFileReference section */

/* Begin PBXFrameworksBuildPhase section */
		8D5B49B3048680CD000E48DA /* Frameworks */ = {
			isa = PBXFrameworksBuildPhase;
			buildActionMask = 2147483647;
			files = (
				DD96C894129B606B002C5144 /* UIKit.framework in Frameworks */,
				DD7A9EF812FDFEEE00AFF8C3 /* Foundation.framework in Frameworks */,
				DD7A9FEF12FE006C00AFF8C3 /* CoreGraphics.framework in Frameworks */,
			);
			runOnlyForDeploymentPostprocessing = 0;
		};
/* End PBXFrameworksBuildPhase section */

/* Begin PBXGroup section */
		089C166AFE841209C02AAC07 /* atvTwo */ = {
			isa = PBXGroup;
			children = (
				DD96C3DB129971A2002C5144 /* control */,
				875A8427126FFF6D00ECADC2 /* Makefile */,
				875A8425126FFF6500ECADC2 /* build.sh */,
				875A8253126FFF5300ECADC2 /* BackRow */,
				DD96C0411295D949002C5144 /* eventcatcher */,
				DD1462FB12B53B6C00FA8984 /* SMFHelper */,
				DD5379E812BE78470022849E /* Protocols */,
				08FB77AFFE84173DC02AAC07 /* Classes */,
				32C88E010371C26100C91783 /* Other Sources */,
				089C167CFE841241C02AAC07 /* Resources */,
				089C1671FE841209C02AAC07 /* Frameworks and Libraries */,
				19C28FB8FE9D52D311CA2CBB /* Products */,
			);
			name = atvTwo;
			sourceTree = "<group>";
		};
		089C1671FE841209C02AAC07 /* Frameworks and Libraries */ = {
			isa = PBXGroup;
			children = (
				1058C7ACFEA557BF11CA2CBB /* Linked Frameworks */,
				1058C7AEFEA557BF11CA2CBB /* Other Frameworks */,
			);
			name = "Frameworks and Libraries";
			sourceTree = "<group>";
		};
		089C167CFE841241C02AAC07 /* Resources */ = {
			isa = PBXGroup;
			children = (
				8D5B49B7048680CD000E48DA /* Info.plist */,
				089C167DFE841241C02AAC07 /* InfoPlist.strings */,
			);
			name = Resources;
			sourceTree = "<group>";
		};
		08FB77AFFE84173DC02AAC07 /* Classes */ = {
			isa = PBXGroup;
			children = (
				DD2A4D1A12F26E7400E07934 /* Example */,
				DDF8E91412C8DE52005EC3C1 /* Extensions */,
				DD145D9F12B4A5AB00FA8984 /* MenuItems */,
				DD145D9E12B4A58B00FA8984 /* Events */,
				DD145D9D12B4A56B00FA8984 /* Controls */,
				DD145D9C12B4A52900FA8984 /* MenuControllers */,
				DD145D9912B48F8100FA8984 /* Assets */,
				DDCB54C9128CA1EC0045529A /* NSTask.h */,
				DDDC80FE1273909900192ADD /* SMFMediaPreview.h */,
				DDDC80FF1273909900192ADD /* SMFMediaPreview.mm */,
				DDDC80F91273784800192ADD /* SMFFolderBrowser.h */,
				DDDC80FA1273784800192ADD /* SMFFolderBrowser.m */,
				875A8249126FFF1F00ECADC2 /* BackRowExtras.h */,
				DDDC818F1273B8C000192ADD /* SMFramework.h */,
				DDA302A61274EF8900B0AE9C /* SMFDefines.h */,
				DDABC41A127877B3001F026B /* SMFScreenCapture.h */,
				DDABC41B127877B3001F026B /* SMFScreenCapture.m */,
				DD0F805B127CEF6700277D06 /* SMFFolderDelegate.h */,
				DD0F805C127CEF6700277D06 /* SMFFolderDelegate.m */,
				DD0F80B8127CF99A00277D06 /* SMFThemeInfo.h */,
				DD0F80B9127CF99A00277D06 /* SMFThemeInfo.m */,
				DD0F80C5127CF9F400277D06 /* SynthesizeSingleton.h */,
				DDAE5C03127E328C0038574E /* SMFPhotoMethods.h */,
				DDAE5C04127E328C0038574E /* SMFPhotoMethods.mm */,
				DDAE5E0A12838A980038574E /* SMFCommonTools.h */,
				DDAE5E0B12838A980038574E /* SMFCommonTools.m */,
				DDAE5F271284EED30038574E /* SMFQueryMenu.h */,
				DDAE5F281284EED30038574E /* SMFQueryMenu.m */,
				DD96C3411298B9A0002C5144 /* SMFPopup.h */,
				DD96C3401298B8EA002C5144 /* SMFPopup.xm */,
				DD8B8F2512FE1ECA00971B0A /* SMFPopup.mm */,
				DD96C83A129B5C99002C5144 /* SMFColorSelectionMenu.h */,
				DD96C83B129B5C99002C5144 /* SMFColorSelectionMenu.m */,
				DD2C4CE412ADC78C00A83159 /* SMFPreferences.h */,
				DD2C4CE512ADC78C00A83159 /* SMFPreferences.m */,
				DD57778912EA39B300449D5F /* SMFListDropShadowControl.h */,
				DD57778A12EA39B300449D5F /* SMFListDropShadowControl.m */,
			);
			name = Classes;
			sourceTree = "<group>";
		};
		1058C7ACFEA557BF11CA2CBB /* Linked Frameworks */ = {
			isa = PBXGroup;
			children = (
				DD7A9EF712FDFEEE00AFF8C3 /* Foundation.framework */,
			);
			name = "Linked Frameworks";
			sourceTree = "<group>";
		};
		1058C7AEFEA557BF11CA2CBB /* Other Frameworks */ = {
			isa = PBXGroup;
			children = (
				089C167FFE841241C02AAC07 /* AppKit.framework */,
				D2F7E65807B2D6F200F64583 /* CoreData.framework */,
				089C1672FE841209C02AAC07 /* Foundation.framework */,
				DDABC43312787C85001F026B /* MobileCoreServices.framework */,
				DDABC43612787C91001F026B /* UIKit.framework */,
				DDFC52AF12D3B96300D243D0 /* CoreGraphics.framework */,
			);
			name = "Other Frameworks";
			sourceTree = "<group>";
		};
		19C28FB8FE9D52D311CA2CBB /* Products */ = {
			isa = PBXGroup;
			children = (
				DD82A41E12FF1519007221FC /* SMFramework.framework */,
			);
			name = Products;
			sourceTree = "<group>";
		};
		32C88E010371C26100C91783 /* Other Sources */ = {
			isa = PBXGroup;
			children = (
				32DBCF630370AF2F00C91783 /* atvTwo_Prefix.pch */,
			);
			name = "Other Sources";
			sourceTree = "<group>";
		};
		DD145D9912B48F8100FA8984 /* Assets */ = {
			isa = PBXGroup;
			children = (
				DDDC80FB1273902A00192ADD /* SMFBaseAsset.h */,
				DDDC80FC1273902A00192ADD /* SMFBaseAsset.m */,
				DD14618C12B50A5000FA8984 /* SMFDebAsset.h */,
				DD14618D12B50A5000FA8984 /* SMFDebAsset.m */,
				DD145D9712B48F6500FA8984 /* SMFImageAsset.h */,
				DD145D9812B48F6500FA8984 /* SMFImageAsset.m */,
				DD1DCBC912A3384800907459 /* SMFMovieAsset.h */,
				DD1DCBCA12A3384800907459 /* SMFMovieAsset.m */,
			);
			name = Assets;
			sourceTree = "<group>";
		};
		DD145D9C12B4A52900FA8984 /* MenuControllers */ = {
			isa = PBXGroup;
			children = (
				DDDC80E9127375CE00192ADD /* SMFCenteredMenuController.h */,
				DDDC80EA127375CE00192ADD /* SMFCenteredMenuController.m */,
				DDDC81721273A67000192ADD /* SMFController.h */,
				DDDC81731273A67000192ADD /* SMFController.m */,
				DDA3036112750A3500B0AE9C /* SMFInvocationCenteredMenuController.h */,
				DDA3036212750A3500B0AE9C /* SMFInvocationCenteredMenuController.m */,
				DDDC7DAD12731D1F00192ADD /* SMFMediaMenuController.h */,
				DDDC7DAE12731D1F00192ADD /* SMFMediaMenuController.m */,
				DDAE5F291284EF280038574E /* SMFMenuController.h */,
				DDAE5F2A1284EF280038574E /* SMFMenuController.m */,
				DDDC816F1273A66600192ADD /* SMFPasscodeController.h */,
				DDDC81701273A66600192ADD /* SMFPasscodeController.m */,
				DD2C5D1F12D6D3CF00AB0BDB /* SMFViewMenuController.h */,
				DD2C5D2012D6D3CF00AB0BDB /* SMFViewMenuController.m */,
				DD82B56012FFBC75007221FC /* SMFMoviePreviewController.h */,
				DD82B56112FFBC75007221FC /* SMFMoviePreviewController.m */,
			);
			name = MenuControllers;
			sourceTree = "<group>";
		};
		DD145D9D12B4A56B00FA8984 /* Controls */ = {
			isa = PBXGroup;
			children = (
				DDAE5B9F127DB3580038574E /* SMFClockController.h */,
				DDAE5BA0127DB3580038574E /* SMFClockController.m */,
				DDD623101290953500FC2CE5 /* SMFProgressBarControl.h */,
				DDD623111290953500FC2CE5 /* SMFProgressBarControl.m */,
			);
			name = Controls;
			sourceTree = "<group>";
		};
		DD145D9E12B4A58B00FA8984 /* Events */ = {
			isa = PBXGroup;
			children = (
				DDAE5E0E12839A9A0038574E /* SMFEventConfiguration.h */,
				DDAE5E0F12839A9A0038574E /* SMFEventConfiguration.m */,
				DDAE5BD2127E0DE00038574E /* SMFEventManager.h */,
				DDAE5BD3127E0DE00038574E /* SMFEventManager.m */,
				DDAE5BD4127E19570038574E /* SMFEvent.h */,
				DDAE5BD5127E19570038574E /* SMFEvent.m */,
			);
			name = Events;
			sourceTree = "<group>";
		};
		DD145D9F12B4A5AB00FA8984 /* MenuItems */ = {
			isa = PBXGroup;
			children = (
				DDA302A71274EFD000B0AE9C /* BRMenuItem_SMF.h */,
				DDA302A81274EFD000B0AE9C /* BRMenuItem_SMF.m */,
				DD3136CB1277CFFC00042510 /* SMFMenuItem.h */,
				DD3136CC1277CFFC00042510 /* SMFMenuItem.m */,
				DD2C4D6312ADCEFA00A83159 /* SMFProgressBarMenuItem.h */,
				DD2C4D6412ADCEFA00A83159 /* SMFProgressBarMenuItem.m */,
			);
			name = MenuItems;
			sourceTree = "<group>";
		};
		DD1462FB12B53B6C00FA8984 /* SMFHelper */ = {
			isa = PBXGroup;
			children = (
				DD1462FC12B53B6C00FA8984 /* Makefile */,
				DD14630212B53B6C00FA8984 /* smfHelper.m */,
			);
			path = SMFHelper;
			sourceTree = "<group>";
		};
		DD2A4D1A12F26E7400E07934 /* Example */ = {
			isa = PBXGroup;
			children = (
				DD2A4D1F12F26E8300E07934 /* SMFGridController.h */,
				DD2A4D2012F26E8300E07934 /* SMFGridController.m */,
			);
			path = Example;
			sourceTree = "<group>";
		};
		DD5379E812BE78470022849E /* Protocols */ = {
			isa = PBXGroup;
			children = (
				DD5379E912BE78930022849E /* SMFSettingPreferences.h */,
			);
			name = Protocols;
			sourceTree = "<group>";
		};
		DD96C0411295D949002C5144 /* eventcatcher */ = {
			isa = PBXGroup;
			children = (
				DD96C0471295D949002C5144 /* control */,
				DD96C0481295D949002C5144 /* EventCatcher.plist */,
				DD96C0491295D949002C5144 /* Makefile */,
				DD96C29A1295D94A002C5144 /* Tweak.xm */,
			);
			path = eventcatcher;
			sourceTree = "<group>";
		};
		DDF8E91412C8DE52005EC3C1 /* Extensions */ = {
			isa = PBXGroup;
			children = (
				DDF8E91512C8DE6A005EC3C1 /* NSArray_SMF.h */,
				DDF8E91612C8DE6A005EC3C1 /* NSArray_SMF.m */,
			);
			name = Extensions;
			sourceTree = "<group>";
		};
/* End PBXGroup section */

/* Begin PBXHeadersBuildPhase section */
		DD82B5C212FFBD38007221FC /* Headers */ = {
			isa = PBXHeadersBuildPhase;
			buildActionMask = 2147483647;
			files = (
				DD82B57812FFBCF0007221FC /* BRMenuItem_SMF.h in Headers */,
				DD82B57912FFBCF0007221FC /* NSArray_SMF.h in Headers */,
				DD82B57A12FFBCF0007221FC /* NSTask.h in Headers */,
				DD82B57B12FFBCF0007221FC /* SMFBaseAsset.h in Headers */,
				DD82B57C12FFBCF0007221FC /* SMFCenteredMenuController.h in Headers */,
				DD82B57D12FFBCF0007221FC /* SMFClockController.h in Headers */,
				DD82B57E12FFBCF0007221FC /* SMFColorSelectionMenu.h in Headers */,
				DD82B57F12FFBCF0007221FC /* SMFCommonTools.h in Headers */,
				DD82B58012FFBCF0007221FC /* SMFController.h in Headers */,
				DD82B58112FFBCF0007221FC /* SMFDebAsset.h in Headers */,
				DD82B58212FFBCF0007221FC /* SMFDefines.h in Headers */,
				DD82B58312FFBCF0007221FC /* SMFEvent.h in Headers */,
				DD82B58412FFBCF0007221FC /* SMFEventConfiguration.h in Headers */,
				DD82B58512FFBCF0007221FC /* SMFEventManager.h in Headers */,
				DD82B58612FFBCF0007221FC /* SMFFolderBrowser.h in Headers */,
				DD82B58712FFBCF0007221FC /* SMFFolderDelegate.h in Headers */,
				DD82B58812FFBCF0007221FC /* SMFGridController.h in Headers */,
				DD82B58912FFBCF0007221FC /* SMFImageAsset.h in Headers */,
				DD82B58A12FFBCF0007221FC /* SMFInvocationCenteredMenuController.h in Headers */,
				DD82B58B12FFBCF0007221FC /* SMFListDropShadowControl.h in Headers */,
				DD82B58C12FFBCF0007221FC /* SMFMediaMenuController.h in Headers */,
				DD82B58D12FFBCF0007221FC /* SMFMediaPreview.h in Headers */,
				DD82B58E12FFBCF0007221FC /* SMFMenuController.h in Headers */,
				DD82B58F12FFBCF0007221FC /* SMFMenuItem.h in Headers */,
				DD82B59012FFBCF0007221FC /* SMFMovieAsset.h in Headers */,
				DD82B59112FFBCF0007221FC /* SMFMoviePreviewController.h in Headers */,
				DD82B59212FFBCF0007221FC /* SMFPasscodeController.h in Headers */,
				DD82B59312FFBCF0007221FC /* SMFPhotoMethods.h in Headers */,
				DD82B59412FFBCF0007221FC /* SMFPopup.h in Headers */,
				DD82B59512FFBCF0007221FC /* SMFPreferences.h in Headers */,
				DD82B59612FFBCF0007221FC /* SMFProgressBarControl.h in Headers */,
				DD82B59712FFBCF0007221FC /* SMFProgressBarMenuItem.h in Headers */,
				DD82B59812FFBCF0007221FC /* SMFQueryMenu.h in Headers */,
				DD82B59912FFBCF0007221FC /* SMFramework.h in Headers */,
				DD82B59A12FFBCF0007221FC /* SMFScreenCapture.h in Headers */,
				DD82B59B12FFBCF0007221FC /* SMFSettingPreferences.h in Headers */,
				DD82B59C12FFBCF0007221FC /* SMFThemeInfo.h in Headers */,
				DD82B59D12FFBCF0007221FC /* SMFViewMenuController.h in Headers */,
			);
			runOnlyForDeploymentPostprocessing = 0;
		};
/* End PBXHeadersBuildPhase section */

/* Begin PBXNativeTarget section */
		8D5B49AC048680CD000E48DA /* SMFramework */ = {
			isa = PBXNativeTarget;
			buildConfigurationList = 1DEB913A08733D840010E9CD /* Build configuration list for PBXNativeTarget "SMFramework" */;
			buildPhases = (
				DD8B8BEA12FE0D0700971B0A /* ShellScript */,
				8D5B49AF048680CD000E48DA /* Resources */,
				8D5B49B1048680CD000E48DA /* Sources */,
				8D5B49B3048680CD000E48DA /* Frameworks */,
				DD82B5C212FFBD38007221FC /* Headers */,
			);
			buildRules = (
			);
			dependencies = (
			);
			name = SMFramework;
			productInstallPath = "$(HOME)/Library/Bundles";
			productName = atvTwo;
			productReference = DD82A41E12FF1519007221FC /* SMFramework.framework */;
			productType = "com.apple.product-type.bundle";
		};
/* End PBXNativeTarget section */

/* Begin PBXProject section */
		089C1669FE841209C02AAC07 /* Project object */ = {
			isa = PBXProject;
			buildConfigurationList = 1DEB913E08733D840010E9CD /* Build configuration list for PBXProject "SMFramework" */;
			compatibilityVersion = "Xcode 3.1";
			developmentRegion = English;
			hasScannedForEncodings = 1;
			knownRegions = (
				English,
				Japanese,
				French,
				German,
			);
			mainGroup = 089C166AFE841209C02AAC07 /* atvTwo */;
			projectDirPath = "";
			projectRoot = "";
			targets = (
				8D5B49AC048680CD000E48DA /* SMFramework */,
				875A8234126FFBA400ECADC2 /* thePlugin */,
				DDDC81991273B9B800192ADD /* Install */,
			);
		};
/* End PBXProject section */

/* Begin PBXResourcesBuildPhase section */
		8D5B49AF048680CD000E48DA /* Resources */ = {
			isa = PBXResourcesBuildPhase;
			buildActionMask = 2147483647;
			files = (
				8D5B49B0048680CD000E48DA /* InfoPlist.strings in Resources */,
			);
			runOnlyForDeploymentPostprocessing = 0;
		};
/* End PBXResourcesBuildPhase section */

/* Begin PBXShellScriptBuildPhase section */
		875A8233126FFBA400ECADC2 /* ShellScript */ = {
			isa = PBXShellScriptBuildPhase;
			buildActionMask = 2147483647;
			files = (
			);
			inputPaths = (
			);
			outputPaths = (
			);
			runOnlyForDeploymentPostprocessing = 0;
			shellPath = /bin/sh;
			shellScript = "make clean\nmake stage\nrm -rf Headers\nmkdir Headers\ncp *.h Headers/";
		};
		DD8B8BEA12FE0D0700971B0A /* ShellScript */ = {
			isa = PBXShellScriptBuildPhase;
			buildActionMask = 2147483647;
			files = (
			);
			inputPaths = (
				$SRCROOT/SMFPopup.xm,
			);
			outputPaths = (
			);
			runOnlyForDeploymentPostprocessing = 0;
			shellPath = /bin/sh;
			shellScript = "export THEOS=/opt/theos\n$THEOS/bin/logos.pl $SRCROOT/SMFPopup.xm > $SRCROOT/SMFPopup.mm";
		};
		DDDC81981273B9B800192ADD /* ShellScript */ = {
			isa = PBXShellScriptBuildPhase;
			buildActionMask = 2147483647;
			files = (
			);
			inputPaths = (
			);
			outputPaths = (
			);
			runOnlyForDeploymentPostprocessing = 0;
			shellPath = /bin/sh;
			shellScript = "source ~/.profile\nmake clean package install\nrm -rf Headers\nmkdir Headers\ncp *.h Headers/";
		};
/* End PBXShellScriptBuildPhase section */

/* Begin PBXSourcesBuildPhase section */
		8D5B49B1048680CD000E48DA /* Sources */ = {
			isa = PBXSourcesBuildPhase;
			buildActionMask = 2147483647;
			files = (
				DDDC7DAF12731D1F00192ADD /* SMFMediaMenuController.m in Sources */,
				DDDC80EB127375CE00192ADD /* SMFCenteredMenuController.m in Sources */,
				DDDC80FD1273902A00192ADD /* SMFBaseAsset.m in Sources */,
				DDDC81001273909900192ADD /* SMFMediaPreview.mm in Sources */,
				DDDC81711273A66600192ADD /* SMFPasscodeController.m in Sources */,
				DD7A9EC512FDF1EE00AFF8C3 /* SMFFolderBrowser.m in Sources */,
				DD7A9EC612FDF1EE00AFF8C3 /* SMFScreenCapture.m in Sources */,
				DD7A9EC712FDF1EE00AFF8C3 /* SMFFolderDelegate.m in Sources */,
				DD7A9EC812FDF1EE00AFF8C3 /* SMFThemeInfo.m in Sources */,
				DD7A9EC912FDF1EE00AFF8C3 /* SMFPhotoMethods.mm in Sources */,
				DD7A9ECA12FDF1EE00AFF8C3 /* SMFCommonTools.m in Sources */,
				DD7A9ECB12FDF1EE00AFF8C3 /* SMFQueryMenu.m in Sources */,
				DD7A9ECC12FDF1EE00AFF8C3 /* SMFColorSelectionMenu.m in Sources */,
				DD7A9ECD12FDF1EE00AFF8C3 /* SMFPreferences.m in Sources */,
				DD7A9ECE12FDF1EE00AFF8C3 /* SMFListDropShadowControl.m in Sources */,
				DD7A9ECF12FDF1F700AFF8C3 /* SMFDebAsset.m in Sources */,
				DD7A9ED012FDF1F700AFF8C3 /* SMFImageAsset.m in Sources */,
				DD7A9ED112FDF1F700AFF8C3 /* SMFMovieAsset.m in Sources */,
				DD7A9ED212FDF20000AFF8C3 /* SMFInvocationCenteredMenuController.m in Sources */,
				DD7A9ED312FDF20000AFF8C3 /* SMFMenuController.m in Sources */,
				DD7A9ED412FDF20000AFF8C3 /* SMFViewMenuController.m in Sources */,
				DD7A9ED512FDF20500AFF8C3 /* SMFClockController.m in Sources */,
				DD7A9ED612FDF20500AFF8C3 /* SMFProgressBarControl.m in Sources */,
				DD7A9ED712FDF20B00AFF8C3 /* SMFEventConfiguration.m in Sources */,
				DD7A9ED812FDF20B00AFF8C3 /* SMFEventManager.m in Sources */,
				DD7A9ED912FDF20B00AFF8C3 /* SMFEvent.m in Sources */,
				DD7A9EDA12FDF21100AFF8C3 /* BRMenuItem_SMF.m in Sources */,
				DD7A9EDB12FDF21100AFF8C3 /* SMFMenuItem.m in Sources */,
				DD7A9EDC12FDF21100AFF8C3 /* SMFProgressBarMenuItem.m in Sources */,
				DD7A9EDD12FDF21600AFF8C3 /* NSArray_SMF.m in Sources */,
				DD7A9EDE12FDF21A00AFF8C3 /* SMFGridController.m in Sources */,
				DD8B8F2612FE1ECA00971B0A /* SMFPopup.mm in Sources */,
				DD82B56212FFBC75007221FC /* SMFMoviePreviewController.m in Sources */,
			);
			runOnlyForDeploymentPostprocessing = 0;
		};
/* End PBXSourcesBuildPhase section */

/* Begin PBXVariantGroup section */
		089C167DFE841241C02AAC07 /* InfoPlist.strings */ = {
			isa = PBXVariantGroup;
			children = (
				089C167EFE841241C02AAC07 /* English */,
			);
			name = InfoPlist.strings;
			sourceTree = "<group>";
		};
/* End PBXVariantGroup section */

/* Begin XCBuildConfiguration section */
		1DEB913B08733D840010E9CD /* Debug */ = {
			isa = XCBuildConfiguration;
			buildSettings = {
				ALWAYS_SEARCH_USER_PATHS = NO;
				ARCHS = "$(ARCHS_UNIVERSAL_IPHONE_OS)";
				COPY_PHASE_STRIP = NO;
				FRAMEWORK_SEARCH_PATHS = ../ATV2Libraries;
				GCC_DYNAMIC_NO_PIC = NO;
				GCC_ENABLE_FIX_AND_CONTINUE = YES;
				GCC_MODEL_TUNING = G5;
				GCC_OPTIMIZATION_LEVEL = 0;
				GCC_PRECOMPILE_PREFIX_HEADER = YES;
				GCC_PREFIX_HEADER = atvTwo_Prefix.pch;
				HEADER_SEARCH_PATHS = ../ATV2Includes;
				INFOPLIST_FILE = Info.plist;
				INSTALL_PATH = /Library/Frameworks;
				OTHER_CFLAGS = (
					"-weak_lBackRow",
					"-undefined",
					dynamic_lookup,
				);
				OTHER_LDFLAGS = (
					"-undefined",
					dynamic_lookup,
				);
				PRODUCT_NAME = SMFramework;
				WRAPPER_EXTENSION = framework;
			};
			name = Debug;
		};
		1DEB913C08733D840010E9CD /* Release */ = {
			isa = XCBuildConfiguration;
			buildSettings = {
				ALWAYS_SEARCH_USER_PATHS = NO;
				ARCHS = "$(ARCHS_UNIVERSAL_IPHONE_OS)";
				DEBUG_INFORMATION_FORMAT = "dwarf-with-dsym";
				FRAMEWORK_SEARCH_PATHS = ../ATV2Libraries;
				GCC_MODEL_TUNING = G5;
				GCC_PRECOMPILE_PREFIX_HEADER = YES;
				GCC_PREFIX_HEADER = atvTwo_Prefix.pch;
				HEADER_SEARCH_PATHS = ../ATV2Includes;
				INFOPLIST_FILE = Info.plist;
				INSTALL_PATH = /Library/Frameworks;
				OTHER_CFLAGS = (
					"-weak_lBackRow",
					"-undefined",
					dynamic_lookup,
				);
				OTHER_LDFLAGS = (
					"-undefined",
					dynamic_lookup,
				);
				PRODUCT_NAME = SMFramework;
				WRAPPER_EXTENSION = framework;
			};
			name = Release;
		};
		1DEB913F08733D840010E9CD /* Debug */ = {
			isa = XCBuildConfiguration;
			buildSettings = {
				ARCHS = "$(ARCHS_STANDARD_32_BIT)";
				GCC_C_LANGUAGE_STANDARD = gnu99;
				GCC_OPTIMIZATION_LEVEL = 0;
				GCC_WARN_ABOUT_RETURN_TYPE = YES;
				GCC_WARN_UNUSED_VARIABLE = YES;
				HEADER_SEARCH_PATHS = ../ATV2Includes;
				LD_OPENMP_FLAGS = "-undefined dynamic_lookup -fopenmp";
				ONLY_ACTIVE_ARCH = YES;
				OTHER_CFLAGS = (
					"-undefined",
					dynamic_lookup,
				);
				PREBINDING = NO;
				SDKROOT = iphoneos;
			};
			name = Debug;
		};
		1DEB914008733D840010E9CD /* Release */ = {
			isa = XCBuildConfiguration;
			buildSettings = {
				ARCHS = "$(ARCHS_STANDARD_32_BIT)";
				GCC_C_LANGUAGE_STANDARD = gnu99;
				GCC_WARN_ABOUT_RETURN_TYPE = YES;
				GCC_WARN_UNUSED_VARIABLE = YES;
				HEADER_SEARCH_PATHS = ../ATV2Includes;
				LD_OPENMP_FLAGS = "-undefined dynamic_lookup -fopenmp";
				OTHER_CFLAGS = (
					"-undefined",
					dynamic_lookup,
				);
				PREBINDING = NO;
				SDKROOT = iphoneos;
			};
			name = Release;
		};
		875A8235126FFBA400ECADC2 /* Debug */ = {
			isa = XCBuildConfiguration;
			buildSettings = {
				COPY_PHASE_STRIP = NO;
				GCC_DYNAMIC_NO_PIC = NO;
				GCC_OPTIMIZATION_LEVEL = 0;
				PRODUCT_NAME = thePlugin;
			};
			name = Debug;
		};
		875A8236126FFBA400ECADC2 /* Release */ = {
			isa = XCBuildConfiguration;
			buildSettings = {
				COPY_PHASE_STRIP = YES;
				DEBUG_INFORMATION_FORMAT = "dwarf-with-dsym";
				GCC_ENABLE_FIX_AND_CONTINUE = NO;
				PRODUCT_NAME = thePlugin;
				SDKROOT = iphoneos4.0;
				ZERO_LINK = NO;
			};
			name = Release;
		};
		DDDC819A1273B9B800192ADD /* Debug */ = {
			isa = XCBuildConfiguration;
			buildSettings = {
				COPY_PHASE_STRIP = NO;
				GCC_DYNAMIC_NO_PIC = NO;
				GCC_OPTIMIZATION_LEVEL = 0;
				PRODUCT_NAME = Install;
			};
			name = Debug;
		};
		DDDC819B1273B9B800192ADD /* Release */ = {
			isa = XCBuildConfiguration;
			buildSettings = {
				COPY_PHASE_STRIP = YES;
				DEBUG_INFORMATION_FORMAT = "dwarf-with-dsym";
				GCC_ENABLE_FIX_AND_CONTINUE = NO;
				PRODUCT_NAME = Install;
				ZERO_LINK = NO;
			};
			name = Release;
		};
/* End XCBuildConfiguration section */

/* Begin XCConfigurationList section */
		1DEB913A08733D840010E9CD /* Build configuration list for PBXNativeTarget "SMFramework" */ = {
			isa = XCConfigurationList;
			buildConfigurations = (
				1DEB913B08733D840010E9CD /* Debug */,
				1DEB913C08733D840010E9CD /* Release */,
			);
			defaultConfigurationIsVisible = 0;
			defaultConfigurationName = Release;
		};
		1DEB913E08733D840010E9CD /* Build configuration list for PBXProject "SMFramework" */ = {
			isa = XCConfigurationList;
			buildConfigurations = (
				1DEB913F08733D840010E9CD /* Debug */,
				1DEB914008733D840010E9CD /* Release */,
			);
			defaultConfigurationIsVisible = 0;
			defaultConfigurationName = Release;
		};
		875A823D126FFBC200ECADC2 /* Build configuration list for PBXAggregateTarget "thePlugin" */ = {
			isa = XCConfigurationList;
			buildConfigurations = (
				875A8235126FFBA400ECADC2 /* Debug */,
				875A8236126FFBA400ECADC2 /* Release */,
			);
			defaultConfigurationIsVisible = 0;
			defaultConfigurationName = Release;
		};
		DDDC819C1273B9D600192ADD /* Build configuration list for PBXAggregateTarget "Install" */ = {
			isa = XCConfigurationList;
			buildConfigurations = (
				DDDC819A1273B9B800192ADD /* Debug */,
				DDDC819B1273B9B800192ADD /* Release */,
			);
			defaultConfigurationIsVisible = 0;
			defaultConfigurationName = Release;
		};
/* End XCConfigurationList section */
	};
	rootObject = 089C1669FE841209C02AAC07 /* Project object */;
}
